
Microsoft Visual Studio Solution File, Format Version 12.00
# Visual Studio Version 16
VisualStudioVersion = 16.0.29201.188
MinimumVisualStudioVersion = 10.0.40219.1
Project("{FAE04EC0-301F-11D3-BF4B-00C04F79EFBC}") = "QuickSort", "QuickSort\QuickSort.csproj", "{D454FACF-8E4C-4639-9B65-B7126BAB2290}"
EndProject
Global
	GlobalSection(SolutionConfigurationPlatforms) = preSolution
		Debug|Any CPU = Debug|Any CPU
		Release|Any CPU = Release|Any CPU
	EndGlobalSection
	GlobalSection(ProjectConfigurationPlatforms) = postSolution
		{D454FACF-8E4C-4639-9B65-B7126BAB2290}.Debug|Any CPU.ActiveCfg = Debug|Any CPU
		{D454FACF-8E4C-4639-9B65-B7126BAB2290}.Debug|Any CPU.Build.0 = Debug|Any CPU
		{D454FACF-8E4C-4639-9B65-B7126BAB2290}.Release|Any CPU.ActiveCfg = Release|Any CPU
		{D454FACF-8E4C-4639-9B65-B7126BAB2290}.Release|Any CPU.Build.0 = Release|Any CPU
	EndGlobalSection
	GlobalSection(SolutionProperties) = preSolution
		HideSolutionNode = FALSE
	EndGlobalSection
	GlobalSection(ExtensibilityGlobals) = postSolution
		SolutionGuid = {53A3819F-0CE7-47A4-94B2-C602AC94A91D}
	EndGlobalSection
EndGlobal
